// !$*UTF8*$!
{
	archiveVersion = 1;
	classes = {
	};
	objectVersion = 46;
	objects = {

/* Begin PBXBuildFile section */
		3576A8281A8A64B000EF854C /* main.cpp in Sources */ = {isa = PBXBuildFile; fileRef = 3576A8271A8A64B000EF854C /* main.cpp */; };
/* End PBXBuildFile section */

/* Begin PBXCopyFilesBuildPhase section */
		3576A81B1A8A649B00EF854C /* CopyFiles */ = {
			isa = PBXCopyFilesBuildPhase;
			buildActionMask = 2147483647;
			dstPath = /usr/share/man/man1/;
			dstSubfolderSpec = 0;
			files = (
			);
			runOnlyForDeploymentPostprocessing = 1;
		};
/* End PBXCopyFilesBuildPhase section */

/* Begin PBXFileReference section */
		3576A81D1A8A649B00EF854C /* oving */ = {isa = PBXFileReference; explicitFileType = "compiled.mach-o.executable"; includeInIndex = 0; path = oving; sourceTree = BUILT_PRODUCTS_DIR; };
		3576A8271A8A64B000EF854C /* main.cpp */ = {isa = PBXFileReference; fileEncoding = 4; lastKnownFileType = sourcecode.cpp.cpp; name = main.cpp; path = ../main.cpp; sourceTree = "<group>"; };
		3576A8291A8A64D000EF854C /* isabel_2d.h5 */ = {isa = PBXFileReference; lastKnownFileType = file; name = isabel_2d.h5; path = ../../data/isabel_2d.h5; sourceTree = "<group>"; };
		3576A82A1A8A64D000EF854C /* metsim1_2d.h5 */ = {isa = PBXFileReference; lastKnownFileType = file; name = metsim1_2d.h5; path = ../../data/metsim1_2d.h5; sourceTree = "<group>"; };
/* End PBXFileReference section */

/* Begin PBXFrameworksBuildPhase section */
		3576A81A1A8A649B00EF854C /* Frameworks */ = {
			isa = PBXFrameworksBuildPhase;
			buildActionMask = 2147483647;
			files = (
			);
			runOnlyForDeploymentPostprocessing = 0;
		};
/* End PBXFrameworksBuildPhase section */

/* Begin PBXGroup section */
		3576A8141A8A649B00EF854C = {
			isa = PBXGroup;
			children = (
				3576A81F1A8A649B00EF854C /* oving */,
				3576A81E1A8A649B00EF854C /* Products */,
			);
			sourceTree = "<group>";
		};
		3576A81E1A8A649B00EF854C /* Products */ = {
			isa = PBXGroup;
			children = (
				3576A81D1A8A649B00EF854C /* oving */,
			);
			name = Products;
			sourceTree = "<group>";
		};
		3576A81F1A8A649B00EF854C /* oving */ = {
			isa = PBXGroup;
			children = (
				3576A8271A8A64B000EF854C /* main.cpp */,
				3576A8291A8A64D000EF854C /* isabel_2d.h5 */,
				3576A82A1A8A64D000EF854C /* metsim1_2d.h5 */,
			);
			path = oving;
			sourceTree = "<group>";
		};
/* End PBXGroup section */

/* Begin PBXNativeTarget section */
		3576A81C1A8A649B00EF854C /* oving */ = {
			isa = PBXNativeTarget;
			buildConfigurationList = 3576A8241A8A649B00EF854C /* Build configuration list for PBXNativeTarget "oving" */;
			buildPhases = (
				3576A8191A8A649B00EF854C /* Sources */,
				3576A81A1A8A649B00EF854C /* Frameworks */,
				3576A81B1A8A649B00EF854C /* CopyFiles */,
			);
			buildRules = (
			);
			dependencies = (
			);
			name = oving;
			productName = oving;
			productReference = 3576A81D1A8A649B00EF854C /* oving */;
			productType = "com.apple.product-type.tool";
		};
/* End PBXNativeTarget section */

/* Begin PBXProject section */
		3576A8151A8A649B00EF854C /* Project object */ = {
			isa = PBXProject;
			attributes = {
				LastUpgradeCheck = 0610;
				ORGANIZATIONNAME = fredrik;
				TargetAttributes = {
					3576A81C1A8A649B00EF854C = {
						CreatedOnToolsVersion = 6.1.1;
					};
				};
			};
			buildConfigurationList = 3576A8181A8A649B00EF854C /* Build configuration list for PBXProject "oving" */;
			compatibilityVersion = "Xcode 3.2";
			developmentRegion = English;
			hasScannedForEncodings = 0;
			knownRegions = (
				en,
			);
			mainGroup = 3576A8141A8A649B00EF854C;
			productRefGroup = 3576A81E1A8A649B00EF854C /* Products */;
			projectDirPath = "";
			projectRoot = "";
			targets = (
				3576A81C1A8A649B00EF854C /* oving */,
			);
		};
/* End PBXProject section */

/* Begin PBXSourcesBuildPhase section */
		3576A8191A8A649B00EF854C /* Sources */ = {
			isa = PBXSourcesBuildPhase;
			buildActionMask = 2147483647;
			files = (
				3576A8281A8A64B000EF854C /* main.cpp in Sources */,
			);
			runOnlyForDeploymentPostprocessing = 0;
		};
/* End PBXSourcesBuildPhase section */

/* Begin XCBuildConfiguration section */
		3576A8221A8A649B00EF854C /* Debug */ = {
			isa = XCBuildConfiguration;
			buildSettings = {
				ALWAYS_SEARCH_USER_PATHS = NO;
				CLANG_CXX_LANGUAGE_STANDARD = "gnu++0x";
				CLANG_CXX_LIBRARY = "libc++";
				CLANG_ENABLE_MODULES = YES;
				CLANG_ENABLE_OBJC_ARC = YES;
				CLANG_WARN_BOOL_CONVERSION = YES;
				CLANG_WARN_CONSTANT_CONVERSION = YES;
				CLANG_WARN_DIRECT_OBJC_ISA_USAGE = YES_ERROR;
				CLANG_WARN_EMPTY_BODY = YES;
				CLANG_WARN_ENUM_CONVERSION = YES;
				CLANG_WARN_INT_CONVERSION = YES;
				CLANG_WARN_OBJC_ROOT_CLASS = YES_ERROR;
				CLANG_WARN_UNREACHABLE_CODE = YES;
				CLANG_WARN__DUPLICATE_METHOD_MATCH = YES;
				COPY_PHASE_STRIP = NO;
				ENABLE_STRICT_OBJC_MSGSEND = YES;
				GCC_C_LANGUAGE_STANDARD = gnu99;
				GCC_DYNAMIC_NO_PIC = NO;
				GCC_OPTIMIZATION_LEVEL = 0;
				GCC_PREPROCESSOR_DEFINITIONS = (
					"DEBUG=1",
					"$(inherited)",
				);
				GCC_SYMBOLS_PRIVATE_EXTERN = NO;
				GCC_WARN_64_TO_32_BIT_CONVERSION = YES;
				GCC_WARN_ABOUT_RETURN_TYPE = YES_ERROR;
				GCC_WARN_UNDECLARED_SELECTOR = YES;
				GCC_WARN_UNINITIALIZED_AUTOS = YES_AGGRESSIVE;
				GCC_WARN_UNUSED_FUNCTION = YES;
				GCC_WARN_UNUSED_VARIABLE = YES;
				MACOSX_DEPLOYMENT_TARGET = 10.10;
				MTL_ENABLE_DEBUG_INFO = YES;
				ONLY_ACTIVE_ARCH = YES;
				SDKROOT = macosx;
			};
			name = Debug;
		};
		3576A8231A8A649B00EF854C /* Release */ = {
			isa = XCBuildConfiguration;
			buildSettings = {
				ALWAYS_SEARCH_USER_PATHS = NO;
				CLANG_CXX_LANGUAGE_STANDARD = "gnu++0x";
				CLANG_CXX_LIBRARY = "libc++";
				CLANG_ENABLE_MODULES = YES;
				CLANG_ENABLE_OBJC_ARC = YES;
				CLANG_WARN_BOOL_CONVERSION = YES;
				CLANG_WARN_CONSTANT_CONVERSION = YES;
				CLANG_WARN_DIRECT_OBJC_ISA_USAGE = YES_ERROR;
				CLANG_WARN_EMPTY_BODY = YES;
				CLANG_WARN_ENUM_CONVERSION = YES;
				CLANG_WARN_INT_CONVERSION = YES;
				CLANG_WARN_OBJC_ROOT_CLASS = YES_ERROR;
				CLANG_WARN_UNREACHABLE_CODE = YES;
				CLANG_WARN__DUPLICATE_METHOD_MATCH = YES;
				COPY_PHASE_STRIP = YES;
				DEBUG_INFORMATION_FORMAT = "dwarf-with-dsym";
				ENABLE_NS_ASSERTIONS = NO;
				ENABLE_STRICT_OBJC_MSGSEND = YES;
				GCC_C_LANGUAGE_STANDARD = gnu99;
				GCC_WARN_64_TO_32_BIT_CONVERSION = YES;
				GCC_WARN_ABOUT_RETURN_TYPE = YES_ERROR;
				GCC_WARN_UNDECLARED_SELECTOR = YES;
				GCC_WARN_UNINITIALIZED_AUTOS = YES_AGGRESSIVE;
				GCC_WARN_UNUSED_FUNCTION = YES;
				GCC_WARN_UNUSED_VARIABLE = YES;
				MACOSX_DEPLOYMENT_TARGET = 10.10;
				MTL_ENABLE_DEBUG_INFO = NO;
				SDKROOT = macosx;
			};
			name = Release;
		};
		3576A8251A8A649B00EF854C /* Debug */ = {
			isa = XCBuildConfiguration;
			buildSettings = {
				PRODUCT_NAME = "$(TARGET_NAME)";
			};
			name = Debug;
		};
		3576A8261A8A649B00EF854C /* Release */ = {
			isa = XCBuildConfiguration;
			buildSettings = {
				PRODUCT_NAME = "$(TARGET_NAME)";
			};
			name = Release;
		};
/* End XCBuildConfiguration section */

/* Begin XCConfigurationList section */
		3576A8181A8A649B00EF854C /* Build configuration list for PBXProject "oving" */ = {
			isa = XCConfigurationList;
			buildConfigurations = (
				3576A8221A8A649B00EF854C /* Debug */,
				3576A8231A8A649B00EF854C /* Release */,
			);
			defaultConfigurationIsVisible = 0;
			defaultConfigurationName = Release;
		};
		3576A8241A8A649B00EF854C /* Build configuration list for PBXNativeTarget "oving" */ = {
			isa = XCConfigurationList;
			buildConfigurations = (
				3576A8251A8A649B00EF854C /* Debug */,
				3576A8261A8A649B00EF854C /* Release */,
			);
			defaultConfigurationIsVisible = 0;
		};
/* End XCConfigurationList section */
	};
	rootObject = 3576A8151A8A649B00EF854C /* Project object */;
}
